<?xml version="1.0" encoding="utf-8"?>
<Project ToolsVersion="4.0" xmlns="http://schemas.microsoft.com/developer/msbuild/2003">
  <ItemGroup>
    <Filter Include="源文件">
      <UniqueIdentifier>{4FC737F1-C7A5-4376-A066-2A32D752A2FF}</UniqueIdentifier>
      <Extensions>cpp;c;cc;cxx;def;odl;idl;hpj;bat;asm;asmx</Extensions>
    </Filter>
    <Filter Include="头文件">
      <UniqueIdentifier>{93995380-89BD-4b04-88EB-625FBE52EBFB}</UniqueIdentifier>
      <Extensions>h;hh;hpp;hxx;hm;inl;inc;ipp;xsd</Extensions>
    </Filter>
    <Filter Include="资源文件">
      <UniqueIdentifier>{67DA6AB6-F800-4c08-8B7A-83BB121AAD01}</UniqueIdentifier>
      <Extensions>rc;ico;cur;bmp;dlg;rc2;rct;bin;rgs;gif;jpg;jpeg;jpe;resx;tiff;tif;png;wav;mfcribbon-ms</Extensions>
    </Filter>
  </ItemGroup>
  <ItemGroup>
    <ClCompile Include="main.cpp">
      <Filter>源文件</Filter>
    </ClCompile>
    <ClCompile Include="glad.c">
      <Filter>源文件</Filter>
    </ClCompile>
    <ClCompile Include="Scene.cpp">
      <Filter>源文件</Filter>
    </ClCompile>
  </ItemGroup>
  <ItemGroup>
    <ClInclude Include="includes\learnopengl\Shader.h">
      <Filter>头文件</Filter>
    </ClInclude>
    <ClInclude Include="includes\learnopengl\Camera.h">
      <Filter>头文件</Filter>
    </ClInclude>
    <ClInclude Include="includes\assimp\Compiler\poppack1.h">
      <Filter>头文件</Filter>
    </ClInclude>
    <ClInclude Include="includes\assimp\Compiler\pstdint.h">
      <Filter>头文件</Filter>
    </ClInclude>
    <ClInclude Include="includes\assimp\Compiler\pushpack1.h">
      <Filter>头文件</Filter>
    </ClInclude>
    <ClInclude Include="includes\assimp\ai_assert.h">
      <Filter>头文件</Filter>
    </ClInclude>
    <ClInclude Include="includes\assimp\anim.h">
      <Filter>头文件</Filter>
    </ClInclude>
    <ClInclude Include="includes\assimp\camera.h">
      <Filter>头文件</Filter>
    </ClInclude>
    <ClInclude Include="includes\assimp\cexport.h">
      <Filter>头文件</Filter>
    </ClInclude>
    <ClInclude Include="includes\assimp\cfileio.h">
      <Filter>头文件</Filter>
    </ClInclude>
    <ClInclude Include="includes\assimp\cimport.h">
      <Filter>头文件</Filter>
    </ClInclude>
    <ClInclude Include="includes\assimp\color4.h">
      <Filter>头文件</Filter>
    </ClInclude>
    <ClInclude Include="includes\assimp\config.h">
      <Filter>头文件</Filter>
    </ClInclude>
    <ClInclude Include="includes\assimp\DefaultLogger.hpp">
      <Filter>头文件</Filter>
    </ClInclude>
    <ClInclude Include="includes\assimp\defs.h">
      <Filter>头文件</Filter>
    </ClInclude>
    <ClInclude Include="includes\assimp\Exporter.hpp">
      <Filter>头文件</Filter>
    </ClInclude>
    <ClInclude Include="includes\assimp\Importer.hpp">
      <Filter>头文件</Filter>
    </ClInclude>
    <ClInclude Include="includes\assimp\importerdesc.h">
      <Filter>头文件</Filter>
    </ClInclude>
    <ClInclude Include="includes\assimp\IOStream.hpp">
      <Filter>头文件</Filter>
    </ClInclude>
    <ClInclude Include="includes\assimp\IOSystem.hpp">
      <Filter>头文件</Filter>
    </ClInclude>
    <ClInclude Include="includes\assimp\light.h">
      <Filter>头文件</Filter>
    </ClInclude>
    <ClInclude Include="includes\assimp\Logger.hpp">
      <Filter>头文件</Filter>
    </ClInclude>
    <ClInclude Include="includes\assimp\LogStream.hpp">
      <Filter>头文件</Filter>
    </ClInclude>
    <ClInclude Include="includes\assimp\material.h">
      <Filter>头文件</Filter>
    </ClInclude>
    <ClInclude Include="includes\assimp\matrix3x3.h">
      <Filter>头文件</Filter>
    </ClInclude>
    <ClInclude Include="includes\assimp\matrix4x4.h">
      <Filter>头文件</Filter>
    </ClInclude>
    <ClInclude Include="includes\assimp\mesh.h">
      <Filter>头文件</Filter>
    </ClInclude>
    <ClInclude Include="includes\assimp\metadata.h">
      <Filter>头文件</Filter>
    </ClInclude>
    <ClInclude Include="includes\assimp\NullLogger.hpp">
      <Filter>头文件</Filter>
    </ClInclude>
    <ClInclude Include="includes\assimp\postprocess.h">
      <Filter>头文件</Filter>
    </ClInclude>
    <ClInclude Include="includes\assimp\ProgressHandler.hpp">
      <Filter>头文件</Filter>
    </ClInclude>
    <ClInclude Include="includes\assimp\quaternion.h">
      <Filter>头文件</Filter>
    </ClInclude>
    <ClInclude Include="includes\assimp\scene.h">
      <Filter>头文件</Filter>
    </ClInclude>
    <ClInclude Include="includes\assimp\texture.h">
      <Filter>头文件</Filter>
    </ClInclude>
    <ClInclude Include="includes\assimp\types.h">
      <Filter>头文件</Filter>
    </ClInclude>
    <ClInclude Include="includes\assimp\vector2.h">
      <Filter>头文件</Filter>
    </ClInclude>
    <ClInclude Include="includes\assimp\vector3.h">
      <Filter>头文件</Filter>
    </ClInclude>
    <ClInclude Include="includes\assimp\version.h">
      <Filter>头文件</Filter>
    </ClInclude>
    <ClInclude Include="includes\learnopengl\Model.h">
      <Filter>头文件</Filter>
    </ClInclude>
    <ClInclude Include="includes\learnopengl\Mesh.h">
      <Filter>头文件</Filter>
    </ClInclude>
    <ClInclude Include="Scene.h">
      <Filter>头文件</Filter>
    </ClInclude>
  </ItemGroup>
  <ItemGroup>
    <Image Include="resources\pic\container.jpg">
      <Filter>资源文件</Filter>
    </Image>
    <Image Include="resources\pic\awesomeface.png">
      <Filter>资源文件</Filter>
    </Image>
    <Image Include="resources\pic\container2.png">
      <Filter>资源文件</Filter>
    </Image>
  </ItemGroup>
  <ItemGroup>
    <None Include="resources\shader\light_cube.fs" />
    <None Include="resources\shader\light_cube.vs" />
    <None Include="resources\shader\lighting_maps.vs" />
    <None Include="resources\shader\lighting_maps.fs" />
    <None Include="includes\assimp\color4.inl">
      <Filter>头文件</Filter>
    </None>
    <None Include="includes\assimp\material.inl">
      <Filter>头文件</Filter>
    </None>
    <None Include="includes\assimp\matrix3x3.inl">
      <Filter>头文件</Filter>
    </None>
    <None Include="includes\assimp\matrix4x4.inl">
      <Filter>头文件</Filter>
    </None>
    <None Include="includes\assimp\quaternion.inl">
      <Filter>头文件</Filter>
    </None>
    <None Include="includes\assimp\vector2.inl">
      <Filter>头文件</Filter>
    </None>
    <None Include="includes\assimp\vector3.inl">
      <Filter>头文件</Filter>
    </None>
    <None Include="resources\shader\nano.fs" />
    <None Include="resources\shader\gamma_floor.vs" />
    <None Include="resources\shader\gamma_floor.fs" />
  </ItemGroup>
</Project>